// !$*UTF8*$!
{
	archiveVersion = 1;
	classes = {
	};
	objectVersion = 56;
	objects = {

/* Begin PBXBuildFile section */
		9922981E2A7DE28B00062697 /* TodoDetailView.swift in Sources */ = {isa = PBXBuildFile; fileRef = 9922981D2A7DE28B00062697 /* TodoDetailView.swift */; };
		992298202A7DF39D00062697 /* NewTodoView.swift in Sources */ = {isa = PBXBuildFile; fileRef = 9922981F2A7DF39D00062697 /* NewTodoView.swift */; };
		99DA63002A74BA0000633593 /* Todo_AppApp.swift in Sources */ = {isa = PBXBuildFile; fileRef = 99DA62FF2A74BA0000633593 /* Todo_AppApp.swift */; };
		99DA63022A74BA0000633593 /* ContentView.swift in Sources */ = {isa = PBXBuildFile; fileRef = 99DA63012A74BA0000633593 /* ContentView.swift */; };
		99DA63042A74BA0500633593 /* Assets.xcassets in Resources */ = {isa = PBXBuildFile; fileRef = 99DA63032A74BA0500633593 /* Assets.xcassets */; };
		99DA63072A74BA0500633593 /* Preview Assets.xcassets in Resources */ = {isa = PBXBuildFile; fileRef = 99DA63062A74BA0500633593 /* Preview Assets.xcassets */; };
		99DA63112A74BA0500633593 /* Todo_AppTests.swift in Sources */ = {isa = PBXBuildFile; fileRef = 99DA63102A74BA0500633593 /* Todo_AppTests.swift */; };
		99DA631B2A74BA0600633593 /* Todo_AppUITests.swift in Sources */ = {isa = PBXBuildFile; fileRef = 99DA631A2A74BA0600633593 /* Todo_AppUITests.swift */; };
		99DA631D2A74BA0600633593 /* Todo_AppUITestsLaunchTests.swift in Sources */ = {isa = PBXBuildFile; fileRef = 99DA631C2A74BA0600633593 /* Todo_AppUITestsLaunchTests.swift */; };
		99DA632C2A74C37F00633593 /* Todo.swift in Sources */ = {isa = PBXBuildFile; fileRef = 99DA632B2A74C37F00633593 /* Todo.swift */; };
/* End PBXBuildFile section */

/* Begin PBXContainerItemProxy section */
		99DA630D2A74BA0500633593 /* PBXContainerItemProxy */ = {
			isa = PBXContainerItemProxy;
			containerPortal = 99DA62F42A74BA0000633593 /* Project object */;
			proxyType = 1;
			remoteGlobalIDString = 99DA62FB2A74BA0000633593;
			remoteInfo = "Todo App";
		};
		99DA63172A74BA0600633593 /* PBXContainerItemProxy */ = {
			isa = PBXContainerItemProxy;
			containerPortal = 99DA62F42A74BA0000633593 /* Project object */;
			proxyType = 1;
			remoteGlobalIDString = 99DA62FB2A74BA0000633593;
			remoteInfo = "Todo App";
		};
/* End PBXContainerItemProxy section */

/* Begin PBXFileReference section */
		9922981D2A7DE28B00062697 /* TodoDetailView.swift */ = {isa = PBXFileReference; lastKnownFileType = sourcecode.swift; path = TodoDetailView.swift; sourceTree = "<group>"; };
		9922981F2A7DF39D00062697 /* NewTodoView.swift */ = {isa = PBXFileReference; lastKnownFileType = sourcecode.swift; path = NewTodoView.swift; sourceTree = "<group>"; };
		99DA62FC2A74BA0000633593 /* Todo App.app */ = {isa = PBXFileReference; explicitFileType = wrapper.application; includeInIndex = 0; path = "Todo App.app"; sourceTree = BUILT_PRODUCTS_DIR; };
		99DA62FF2A74BA0000633593 /* Todo_AppApp.swift */ = {isa = PBXFileReference; lastKnownFileType = sourcecode.swift; path = Todo_AppApp.swift; sourceTree = "<group>"; };
		99DA63012A74BA0000633593 /* ContentView.swift */ = {isa = PBXFileReference; lastKnownFileType = sourcecode.swift; path = ContentView.swift; sourceTree = "<group>"; };
		99DA63032A74BA0500633593 /* Assets.xcassets */ = {isa = PBXFileReference; lastKnownFileType = folder.assetcatalog; path = Assets.xcassets; sourceTree = "<group>"; };
		99DA63062A74BA0500633593 /* Preview Assets.xcassets */ = {isa = PBXFileReference; lastKnownFileType = folder.assetcatalog; path = "Preview Assets.xcassets"; sourceTree = "<group>"; };
		99DA630C2A74BA0500633593 /* Todo AppTests.xctest */ = {isa = PBXFileReference; explicitFileType = wrapper.cfbundle; includeInIndex = 0; path = "Todo AppTests.xctest"; sourceTree = BUILT_PRODUCTS_DIR; };
		99DA63102A74BA0500633593 /* Todo_AppTests.swift */ = {isa = PBXFileReference; lastKnownFileType = sourcecode.swift; path = Todo_AppTests.swift; sourceTree = "<group>"; };
		99DA63162A74BA0600633593 /* Todo AppUITests.xctest */ = {isa = PBXFileReference; explicitFileType = wrapper.cfbundle; includeInIndex = 0; path = "Todo AppUITests.xctest"; sourceTree = BUILT_PRODUCTS_DIR; };
		99DA631A2A74BA0600633593 /* Todo_AppUITests.swift */ = {isa = PBXFileReference; lastKnownFileType = sourcecode.swift; path = Todo_AppUITests.swift; sourceTree = "<group>"; };
		99DA631C2A74BA0600633593 /* Todo_AppUITestsLaunchTests.swift */ = {isa = PBXFileReference; lastKnownFileType = sourcecode.swift; path = Todo_AppUITestsLaunchTests.swift; sourceTree = "<group>"; };
		99DA632B2A74C37F00633593 /* Todo.swift */ = {isa = PBXFileReference; lastKnownFileType = sourcecode.swift; path = Todo.swift; sourceTree = "<group>"; };
/* End PBXFileReference section */

/* Begin PBXFrameworksBuildPhase section */
		99DA62F92A74BA0000633593 /* Frameworks */ = {
			isa = PBXFrameworksBuildPhase;
			buildActionMask = 2147483647;
			files = (
			);
			runOnlyForDeploymentPostprocessing = 0;
		};
		99DA63092A74BA0500633593 /* Frameworks */ = {
			isa = PBXFrameworksBuildPhase;
			buildActionMask = 2147483647;
			files = (
			);
			runOnlyForDeploymentPostprocessing = 0;
		};
		99DA63132A74BA0600633593 /* Frameworks */ = {
			isa = PBXFrameworksBuildPhase;
			buildActionMask = 2147483647;
			files = (
			);
			runOnlyForDeploymentPostprocessing = 0;
		};
/* End PBXFrameworksBuildPhase section */

/* Begin PBXGroup section */
		99DA62F32A74BA0000633593 = {
			isa = PBXGroup;
			children = (
				9922981F2A7DF39D00062697 /* NewTodoView.swift */,
				9922981D2A7DE28B00062697 /* TodoDetailView.swift */,
				99DA632B2A74C37F00633593 /* Todo.swift */,
				99DA62FE2A74BA0000633593 /* Todo App */,
				99DA630F2A74BA0500633593 /* Todo AppTests */,
				99DA63192A74BA0600633593 /* Todo AppUITests */,
				99DA62FD2A74BA0000633593 /* Products */,
			);
			sourceTree = "<group>";
		};
		99DA62FD2A74BA0000633593 /* Products */ = {
			isa = PBXGroup;
			children = (
				99DA62FC2A74BA0000633593 /* Todo App.app */,
				99DA630C2A74BA0500633593 /* Todo AppTests.xctest */,
				99DA63162A74BA0600633593 /* Todo AppUITests.xctest */,
			);
			name = Products;
			sourceTree = "<group>";
		};
		99DA62FE2A74BA0000633593 /* Todo App */ = {
			isa = PBXGroup;
			children = (
				99DA62FF2A74BA0000633593 /* Todo_AppApp.swift */,
				99DA63012A74BA0000633593 /* ContentView.swift */,
				99DA63032A74BA0500633593 /* Assets.xcassets */,
				99DA63052A74BA0500633593 /* Preview Content */,
			);
			path = "Todo App";
			sourceTree = "<group>";
		};
		99DA63052A74BA0500633593 /* Preview Content */ = {
			isa = PBXGroup;
			children = (
				99DA63062A74BA0500633593 /* Preview Assets.xcassets */,
			);
			path = "Preview Content";
			sourceTree = "<group>";
		};
		99DA630F2A74BA0500633593 /* Todo AppTests */ = {
			isa = PBXGroup;
			children = (
				99DA63102A74BA0500633593 /* Todo_AppTests.swift */,
			);
			path = "Todo AppTests";
			sourceTree = "<group>";
		};
		99DA63192A74BA0600633593 /* Todo AppUITests */ = {
			isa = PBXGroup;
			children = (
				99DA631A2A74BA0600633593 /* Todo_AppUITests.swift */,
				99DA631C2A74BA0600633593 /* Todo_AppUITestsLaunchTests.swift */,
			);
			path = "Todo AppUITests";
			sourceTree = "<group>";
		};
/* End PBXGroup section */

/* Begin PBXNativeTarget section */
		99DA62FB2A74BA0000633593 /* Todo App */ = {
			isa = PBXNativeTarget;
			buildConfigurationList = 99DA63202A74BA0600633593 /* Build configuration list for PBXNativeTarget "Todo App" */;
			buildPhases = (
				99DA62F82A74BA0000633593 /* Sources */,
				99DA62F92A74BA0000633593 /* Frameworks */,
				99DA62FA2A74BA0000633593 /* Resources */,
			);
			buildRules = (
			);
			dependencies = (
			);
			name = "Todo App";
			productName = "Todo App";
			productReference = 99DA62FC2A74BA0000633593 /* Todo App.app */;
			productType = "com.apple.product-type.application";
		};
		99DA630B2A74BA0500633593 /* Todo AppTests */ = {
			isa = PBXNativeTarget;
			buildConfigurationList = 99DA63232A74BA0600633593 /* Build configuration list for PBXNativeTarget "Todo AppTests" */;
			buildPhases = (
				99DA63082A74BA0500633593 /* Sources */,
				99DA63092A74BA0500633593 /* Frameworks */,
				99DA630A2A74BA0500633593 /* Resources */,
			);
			buildRules = (
			);
			dependencies = (
				99DA630E2A74BA0500633593 /* PBXTargetDependency */,
			);
			name = "Todo AppTests";
			productName = "Todo AppTests";
			productReference = 99DA630C2A74BA0500633593 /* Todo AppTests.xctest */;
			productType = "com.apple.product-type.bundle.unit-test";
		};
		99DA63152A74BA0600633593 /* Todo AppUITests */ = {
			isa = PBXNativeTarget;
			buildConfigurationList = 99DA63262A74BA0600633593 /* Build configuration list for PBXNativeTarget "Todo AppUITests" */;
			buildPhases = (
				99DA63122A74BA0600633593 /* Sources */,
				99DA63132A74BA0600633593 /* Frameworks */,
				99DA63142A74BA0600633593 /* Resources */,
			);
			buildRules = (
			);
			dependencies = (
				99DA63182A74BA0600633593 /* PBXTargetDependency */,
			);
			name = "Todo AppUITests";
			productName = "Todo AppUITests";
			productReference = 99DA63162A74BA0600633593 /* Todo AppUITests.xctest */;
			productType = "com.apple.product-type.bundle.ui-testing";
		};
/* End PBXNativeTarget section */

/* Begin PBXProject section */
		99DA62F42A74BA0000633593 /* Project object */ = {
			isa = PBXProject;
			attributes = {
				BuildIndependentTargetsInParallel = 1;
				LastSwiftUpdateCheck = 1430;
				LastUpgradeCheck = 1430;
				TargetAttributes = {
					99DA62FB2A74BA0000633593 = {
						CreatedOnToolsVersion = 14.3.1;
					};
					99DA630B2A74BA0500633593 = {
						CreatedOnToolsVersion = 14.3.1;
						TestTargetID = 99DA62FB2A74BA0000633593;
					};
					99DA63152A74BA0600633593 = {
						CreatedOnToolsVersion = 14.3.1;
						TestTargetID = 99DA62FB2A74BA0000633593;
					};
				};
			};
			buildConfigurationList = 99DA62F72A74BA0000633593 /* Build configuration list for PBXProject "Todo App" */;
			compatibilityVersion = "Xcode 14.0";
			developmentRegion = en;
			hasScannedForEncodings = 0;
			knownRegions = (
				en,
				Base,
			);
			mainGroup = 99DA62F32A74BA0000633593;
			productRefGroup = 99DA62FD2A74BA0000633593 /* Products */;
			projectDirPath = "";
			projectRoot = "";
			targets = (
				99DA62FB2A74BA0000633593 /* Todo App */,
				99DA630B2A74BA0500633593 /* Todo AppTests */,
				99DA63152A74BA0600633593 /* Todo AppUITests */,
			);
		};
/* End PBXProject section */

/* Begin PBXResourcesBuildPhase section */
		99DA62FA2A74BA0000633593 /* Resources */ = {
			isa = PBXResourcesBuildPhase;
			buildActionMask = 2147483647;
			files = (
				99DA63072A74BA0500633593 /* Preview Assets.xcassets in Resources */,
				99DA63042A74BA0500633593 /* Assets.xcassets in Resources */,
			);
			runOnlyForDeploymentPostprocessing = 0;
		};
		99DA630A2A74BA0500633593 /* Resources */ = {
			isa = PBXResourcesBuildPhase;
			buildActionMask = 2147483647;
			files = (
			);
			runOnlyForDeploymentPostprocessing = 0;
		};
		99DA63142A74BA0600633593 /* Resources */ = {
			isa = PBXResourcesBuildPhase;
			buildActionMask = 2147483647;
			files = (
			);
			runOnlyForDeploymentPostprocessing = 0;
		};
/* End PBXResourcesBuildPhase section */

/* Begin PBXSourcesBuildPhase section */
		99DA62F82A74BA0000633593 /* Sources */ = {
			isa = PBXSourcesBuildPhase;
			buildActionMask = 2147483647;
			files = (
				99DA63022A74BA0000633593 /* ContentView.swift in Sources */,
				99DA63002A74BA0000633593 /* Todo_AppApp.swift in Sources */,
				99DA632C2A74C37F00633593 /* Todo.swift in Sources */,
				992298202A7DF39D00062697 /* NewTodoView.swift in Sources */,
				9922981E2A7DE28B00062697 /* TodoDetailView.swift in Sources */,
			);
			runOnlyForDeploymentPostprocessing = 0;
		};
		99DA63082A74BA0500633593 /* Sources */ = {
			isa = PBXSourcesBuildPhase;
			buildActionMask = 2147483647;
			files = (
				99DA63112A74BA0500633593 /* Todo_AppTests.swift in Sources */,
			);
			runOnlyForDeploymentPostprocessing = 0;
		};
		99DA63122A74BA0600633593 /* Sources */ = {
			isa = PBXSourcesBuildPhase;
			buildActionMask = 2147483647;
			files = (
				99DA631D2A74BA0600633593 /* Todo_AppUITestsLaunchTests.swift in Sources */,
				99DA631B2A74BA0600633593 /* Todo_AppUITests.swift in Sources */,
			);
			runOnlyForDeploymentPostprocessing = 0;
		};
/* End PBXSourcesBuildPhase section */

/* Begin PBXTargetDependency section */
		99DA630E2A74BA0500633593 /* PBXTargetDependency */ = {
			isa = PBXTargetDependency;
			target = 99DA62FB2A74BA0000633593 /* Todo App */;
			targetProxy = 99DA630D2A74BA0500633593 /* PBXContainerItemProxy */;
		};
		99DA63182A74BA0600633593 /* PBXTargetDependency */ = {
			isa = PBXTargetDependency;
			target = 99DA62FB2A74BA0000633593 /* Todo App */;
			targetProxy = 99DA63172A74BA0600633593 /* PBXContainerItemProxy */;
		};
/* End PBXTargetDependency section */

/* Begin XCBuildConfiguration section */
		99DA631E2A74BA0600633593 /* Debug */ = {
			isa = XCBuildConfiguration;
			buildSettings = {
				ALWAYS_SEARCH_USER_PATHS = NO;
				CLANG_ANALYZER_NONNULL = YES;
				CLANG_ANALYZER_NUMBER_OBJECT_CONVERSION = YES_AGGRESSIVE;
				CLANG_CXX_LANGUAGE_STANDARD = "gnu++20";
				CLANG_ENABLE_MODULES = YES;
				CLANG_ENABLE_OBJC_ARC = YES;
				CLANG_ENABLE_OBJC_WEAK = YES;
				CLANG_WARN_BLOCK_CAPTURE_AUTORELEASING = YES;
				CLANG_WARN_BOOL_CONVERSION = YES;
				CLANG_WARN_COMMA = YES;
				CLANG_WARN_CONSTANT_CONVERSION = YES;
				CLANG_WARN_DEPRECATED_OBJC_IMPLEMENTATIONS = YES;
				CLANG_WARN_DIRECT_OBJC_ISA_USAGE = YES_ERROR;
				CLANG_WARN_DOCUMENTATION_COMMENTS = YES;
				CLANG_WARN_EMPTY_BODY = YES;
				CLANG_WARN_ENUM_CONVERSION = YES;
				CLANG_WARN_INFINITE_RECURSION = YES;
				CLANG_WARN_INT_CONVERSION = YES;
				CLANG_WARN_NON_LITERAL_NULL_CONVERSION = YES;
				CLANG_WARN_OBJC_IMPLICIT_RETAIN_SELF = YES;
				CLANG_WARN_OBJC_LITERAL_CONVERSION = YES;
				CLANG_WARN_OBJC_ROOT_CLASS = YES_ERROR;
				CLANG_WARN_QUOTED_INCLUDE_IN_FRAMEWORK_HEADER = YES;
				CLANG_WARN_RANGE_LOOP_ANALYSIS = YES;
				CLANG_WARN_STRICT_PROTOTYPES = YES;
				CLANG_WARN_SUSPICIOUS_MOVE = YES;
				CLANG_WARN_UNGUARDED_AVAILABILITY = YES_AGGRESSIVE;
				CLANG_WARN_UNREACHABLE_CODE = YES;
				CLANG_WARN__DUPLICATE_METHOD_MATCH = YES;
				COPY_PHASE_STRIP = NO;
				DEBUG_INFORMATION_FORMAT = dwarf;
				ENABLE_STRICT_OBJC_MSGSEND = YES;
				ENABLE_TESTABILITY = YES;
				GCC_C_LANGUAGE_STANDARD = gnu11;
				GCC_DYNAMIC_NO_PIC = NO;
				GCC_NO_COMMON_BLOCKS = YES;
				GCC_OPTIMIZATION_LEVEL = 0;
				GCC_PREPROCESSOR_DEFINITIONS = (
					"DEBUG=1",
					"$(inherited)",
				);
				GCC_WARN_64_TO_32_BIT_CONVERSION = YES;
				GCC_WARN_ABOUT_RETURN_TYPE = YES_ERROR;
				GCC_WARN_UNDECLARED_SELECTOR = YES;
				GCC_WARN_UNINITIALIZED_AUTOS = YES_AGGRESSIVE;
				GCC_WARN_UNUSED_FUNCTION = YES;
				GCC_WARN_UNUSED_VARIABLE = YES;
				IPHONEOS_DEPLOYMENT_TARGET = 16.4;
				MTL_ENABLE_DEBUG_INFO = INCLUDE_SOURCE;
				MTL_FAST_MATH = YES;
				ONLY_ACTIVE_ARCH = YES;
				SDKROOT = iphoneos;
				SWIFT_ACTIVE_COMPILATION_CONDITIONS = DEBUG;
				SWIFT_OPTIMIZATION_LEVEL = "-Onone";
			};
			name = Debug;
		};
		99DA631F2A74BA0600633593 /* Release */ = {
			isa = XCBuildConfiguration;
			buildSettings = {
				ALWAYS_SEARCH_USER_PATHS = NO;
				CLANG_ANALYZER_NONNULL = YES;
				CLANG_ANALYZER_NUMBER_OBJECT_CONVERSION = YES_AGGRESSIVE;
				CLANG_CXX_LANGUAGE_STANDARD = "gnu++20";
				CLANG_ENABLE_MODULES = YES;
				CLANG_ENABLE_OBJC_ARC = YES;
				CLANG_ENABLE_OBJC_WEAK = YES;
				CLANG_WARN_BLOCK_CAPTURE_AUTORELEASING = YES;
				CLANG_WARN_BOOL_CONVERSION = YES;
				CLANG_WARN_COMMA = YES;
				CLANG_WARN_CONSTANT_CONVERSION = YES;
				CLANG_WARN_DEPRECATED_OBJC_IMPLEMENTATIONS = YES;
				CLANG_WARN_DIRECT_OBJC_ISA_USAGE = YES_ERROR;
				CLANG_WARN_DOCUMENTATION_COMMENTS = YES;
				CLANG_WARN_EMPTY_BODY = YES;
				CLANG_WARN_ENUM_CONVERSION = YES;
				CLANG_WARN_INFINITE_RECURSION = YES;
				CLANG_WARN_INT_CONVERSION = YES;
				CLANG_WARN_NON_LITERAL_NULL_CONVERSION = YES;
				CLANG_WARN_OBJC_IMPLICIT_RETAIN_SELF = YES;
				CLANG_WARN_OBJC_LITERAL_CONVERSION = YES;
				CLANG_WARN_OBJC_ROOT_CLASS = YES_ERROR;
				CLANG_WARN_QUOTED_INCLUDE_IN_FRAMEWORK_HEADER = YES;
				CLANG_WARN_RANGE_LOOP_ANALYSIS = YES;
				CLANG_WARN_STRICT_PROTOTYPES = YES;
				CLANG_WARN_SUSPICIOUS_MOVE = YES;
				CLANG_WARN_UNGUARDED_AVAILABILITY = YES_AGGRESSIVE;
				CLANG_WARN_UNREACHABLE_CODE = YES;
				CLANG_WARN__DUPLICATE_METHOD_MATCH = YES;
				COPY_PHASE_STRIP = NO;
				DEBUG_INFORMATION_FORMAT = "dwarf-with-dsym";
				ENABLE_NS_ASSERTIONS = NO;
				ENABLE_STRICT_OBJC_MSGSEND = YES;
				GCC_C_LANGUAGE_STANDARD = gnu11;
				GCC_NO_COMMON_BLOCKS = YES;
				GCC_WARN_64_TO_32_BIT_CONVERSION = YES;
				GCC_WARN_ABOUT_RETURN_TYPE = YES_ERROR;
				GCC_WARN_UNDECLARED_SELECTOR = YES;
				GCC_WARN_UNINITIALIZED_AUTOS = YES_AGGRESSIVE;
				GCC_WARN_UNUSED_FUNCTION = YES;
				GCC_WARN_UNUSED_VARIABLE = YES;
				IPHONEOS_DEPLOYMENT_TARGET = 16.4;
				MTL_ENABLE_DEBUG_INFO = NO;
				MTL_FAST_MATH = YES;
				SDKROOT = iphoneos;
				SWIFT_COMPILATION_MODE = wholemodule;
				SWIFT_OPTIMIZATION_LEVEL = "-O";
				VALIDATE_PRODUCT = YES;
			};
			name = Release;
		};
		99DA63212A74BA0600633593 /* Debug */ = {
			isa = XCBuildConfiguration;
			buildSettings = {
				ASSETCATALOG_COMPILER_APPICON_NAME = AppIcon;
				ASSETCATALOG_COMPILER_GLOBAL_ACCENT_COLOR_NAME = AccentColor;
				CODE_SIGN_STYLE = Automatic;
				CURRENT_PROJECT_VERSION = 1;
				DEVELOPMENT_ASSET_PATHS = "\"Todo App/Preview Content\"";
				ENABLE_PREVIEWS = YES;
				GENERATE_INFOPLIST_FILE = YES;
				INFOPLIST_KEY_UIApplicationSceneManifest_Generation = YES;
				INFOPLIST_KEY_UIApplicationSupportsIndirectInputEvents = YES;
				INFOPLIST_KEY_UILaunchScreen_Generation = YES;
				INFOPLIST_KEY_UISupportedInterfaceOrientations_iPad = "UIInterfaceOrientationPortrait UIInterfaceOrientationPortraitUpsideDown UIInterfaceOrientationLandscapeLeft UIInterfaceOrientationLandscapeRight";
				INFOPLIST_KEY_UISupportedInterfaceOrientations_iPhone = "UIInterfaceOrientationPortrait UIInterfaceOrientationLandscapeLeft UIInterfaceOrientationLandscapeRight";
				LD_RUNPATH_SEARCH_PATHS = (
					"$(inherited)",
					"@executable_path/Frameworks",
				);
				MARKETING_VERSION = 1.0;
				PRODUCT_BUNDLE_IDENTIFIER = "com.Toh-Jia-Xuan.Todo-App";
				PRODUCT_NAME = "$(TARGET_NAME)";
				SWIFT_EMIT_LOC_STRINGS = YES;
				SWIFT_VERSION = 5.0;
				TARGETED_DEVICE_FAMILY = "1,2";
			};
			name = Debug;
		};
		99DA63222A74BA0600633593 /* Release */ = {
			isa = XCBuildConfiguration;
			buildSettings = {
				ASSETCATALOG_COMPILER_APPICON_NAME = AppIcon;
				ASSETCATALOG_COMPILER_GLOBAL_ACCENT_COLOR_NAME = AccentColor;
				CODE_SIGN_STYLE = Automatic;
				CURRENT_PROJECT_VERSION = 1;
				DEVELOPMENT_ASSET_PATHS = "\"Todo App/Preview Content\"";
				ENABLE_PREVIEWS = YES;
				GENERATE_INFOPLIST_FILE = YES;
				INFOPLIST_KEY_UIApplicationSceneManifest_Generation = YES;
				INFOPLIST_KEY_UIApplicationSupportsIndirectInputEvents = YES;
				INFOPLIST_KEY_UILaunchScreen_Generation = YES;
				INFOPLIST_KEY_UISupportedInterfaceOrientations_iPad = "UIInterfaceOrientationPortrait UIInterfaceOrientationPortraitUpsideDown UIInterfaceOrientationLandscapeLeft UIInterfaceOrientationLandscapeRight";
				INFOPLIST_KEY_UISupportedInterfaceOrientations_iPhone = "UIInterfaceOrientationPortrait UIInterfaceOrientationLandscapeLeft UIInterfaceOrientationLandscapeRight";
				LD_RUNPATH_SEARCH_PATHS = (
					"$(inherited)",
					"@executable_path/Frameworks",
				);
				MARKETING_VERSION = 1.0;
				PRODUCT_BUNDLE_IDENTIFIER = "com.Toh-Jia-Xuan.Todo-App";
				PRODUCT_NAME = "$(TARGET_NAME)";
				SWIFT_EMIT_LOC_STRINGS = YES;
				SWIFT_VERSION = 5.0;
				TARGETED_DEVICE_FAMILY = "1,2";
			};
			name = Release;
		};
		99DA63242A74BA0600633593 /* Debug */ = {
			isa = XCBuildConfiguration;
			buildSettings = {
				ALWAYS_EMBED_SWIFT_STANDARD_LIBRARIES = YES;
				BUNDLE_LOADER = "$(TEST_HOST)";
				CODE_SIGN_STYLE = Automatic;
				CURRENT_PROJECT_VERSION = 1;
				GENERATE_INFOPLIST_FILE = YES;
				IPHONEOS_DEPLOYMENT_TARGET = 16.4;
				MARKETING_VERSION = 1.0;
				PRODUCT_BUNDLE_IDENTIFIER = "com.Toh-Jia-Xuan.Todo-AppTests";
				PRODUCT_NAME = "$(TARGET_NAME)";
				SWIFT_EMIT_LOC_STRINGS = NO;
				SWIFT_VERSION = 5.0;
				TARGETED_DEVICE_FAMILY = "1,2";
				TEST_HOST = "$(BUILT_PRODUCTS_DIR)/Todo App.app/$(BUNDLE_EXECUTABLE_FOLDER_PATH)/Todo App";
			};
			name = Debug;
		};
		99DA63252A74BA0600633593 /* Release */ = {
			isa = XCBuildConfiguration;
			buildSettings = {
				ALWAYS_EMBED_SWIFT_STANDARD_LIBRARIES = YES;
				BUNDLE_LOADER = "$(TEST_HOST)";
				CODE_SIGN_STYLE = Automatic;
				CURRENT_PROJECT_VERSION = 1;
				GENERATE_INFOPLIST_FILE = YES;
				IPHONEOS_DEPLOYMENT_TARGET = 16.4;
				MARKETING_VERSION = 1.0;
				PRODUCT_BUNDLE_IDENTIFIER = "com.Toh-Jia-Xuan.Todo-AppTests";
				PRODUCT_NAME = "$(TARGET_NAME)";
				SWIFT_EMIT_LOC_STRINGS = NO;
				SWIFT_VERSION = 5.0;
				TARGETED_DEVICE_FAMILY = "1,2";
				TEST_HOST = "$(BUILT_PRODUCTS_DIR)/Todo App.app/$(BUNDLE_EXECUTABLE_FOLDER_PATH)/Todo App";
			};
			name = Release;
		};
		99DA63272A74BA0600633593 /* Debug */ = {
			isa = XCBuildConfiguration;
			buildSettings = {
				ALWAYS_EMBED_SWIFT_STANDARD_LIBRARIES = YES;
				CODE_SIGN_STYLE = Automatic;
				CURRENT_PROJECT_VERSION = 1;
				GENERATE_INFOPLIST_FILE = YES;
				MARKETING_VERSION = 1.0;
				PRODUCT_BUNDLE_IDENTIFIER = "com.Toh-Jia-Xuan.Todo-AppUITests";
				PRODUCT_NAME = "$(TARGET_NAME)";
				SWIFT_EMIT_LOC_STRINGS = NO;
				SWIFT_VERSION = 5.0;
				TARGETED_DEVICE_FAMILY = "1,2";
				TEST_TARGET_NAME = "Todo App";
			};
			name = Debug;
		};
		99DA63282A74BA0600633593 /* Release */ = {
			isa = XCBuildConfiguration;
			buildSettings = {
				ALWAYS_EMBED_SWIFT_STANDARD_LIBRARIES = YES;
				CODE_SIGN_STYLE = Automatic;
				CURRENT_PROJECT_VERSION = 1;
				GENERATE_INFOPLIST_FILE = YES;
				MARKETING_VERSION = 1.0;
				PRODUCT_BUNDLE_IDENTIFIER = "com.Toh-Jia-Xuan.Todo-AppUITests";
				PRODUCT_NAME = "$(TARGET_NAME)";
				SWIFT_EMIT_LOC_STRINGS = NO;
				SWIFT_VERSION = 5.0;
				TARGETED_DEVICE_FAMILY = "1,2";
				TEST_TARGET_NAME = "Todo App";
			};
			name = Release;
		};
/* End XCBuildConfiguration section */

/* Begin XCConfigurationList section */
		99DA62F72A74BA0000633593 /* Build configuration list for PBXProject "Todo App" */ = {
			isa = XCConfigurationList;
			buildConfigurations = (
				99DA631E2A74BA0600633593 /* Debug */,
				99DA631F2A74BA0600633593 /* Release */,
			);
			defaultConfigurationIsVisible = 0;
			defaultConfigurationName = Release;
		};
		99DA63202A74BA0600633593 /* Build configuration list for PBXNativeTarget "Todo App" */ = {
			isa = XCConfigurationList;
			buildConfigurations = (
				99DA63212A74BA0600633593 /* Debug */,
				99DA63222A74BA0600633593 /* Release */,
			);
			defaultConfigurationIsVisible = 0;
			defaultConfigurationName = Release;
		};
		99DA63232A74BA0600633593 /* Build configuration list for PBXNativeTarget "Todo AppTests" */ = {
			isa = XCConfigurationList;
			buildConfigurations = (
				99DA63242A74BA0600633593 /* Debug */,
				99DA63252A74BA0600633593 /* Release */,
			);
			defaultConfigurationIsVisible = 0;
			defaultConfigurationName = Release;
		};
		99DA63262A74BA0600633593 /* Build configuration list for PBXNativeTarget "Todo AppUITests" */ = {
			isa = XCConfigurationList;
			buildConfigurations = (
				99DA63272A74BA0600633593 /* Debug */,
				99DA63282A74BA0600633593 /* Release */,
			);
			defaultConfigurationIsVisible = 0;
			defaultConfigurationName = Release;
		};
/* End XCConfigurationList section */
	};
	rootObject = 99DA62F42A74BA0000633593 /* Project object */;
}
